
Microsoft Visual Studio Solution File, Format Version 12.00
# Visual Studio Version 17
VisualStudioVersion = 17.14.36401.2 d17.14
MinimumVisualStudioVersion = 10.0.40219.1
Project("{FAE04EC0-301F-11D3-BF4B-00C04F79EFBC}") = "EggyUI-Settings", "EggyUI-Settings.csproj", "{3B84C53A-635E-4C8E-AD4A-C22A22EC10AA}"
EndProject
Global
	GlobalSection(SolutionConfigurationPlatforms) = preSolution
		Debug|Any CPU = Debug|Any CPU
		Release|Any CPU = Release|Any CPU
	EndGlobalSection
	GlobalSection(ProjectConfigurationPlatforms) = postSolution
		{3B84C53A-635E-4C8E-AD4A-C22A22EC10AA}.Debug|Any CPU.ActiveCfg = Debug|Any CPU
		{3B84C53A-635E-4C8E-AD4A-C22A22EC10AA}.Debug|Any CPU.Build.0 = Debug|Any CPU
		{3B84C53A-635E-4C8E-AD4A-C22A22EC10AA}.Release|Any CPU.ActiveCfg = Release|Any CPU
		{3B84C53A-635E-4C8E-AD4A-C22A22EC10AA}.Release|Any CPU.Build.0 = Release|Any CPU
	EndGlobalSection
	GlobalSection(SolutionProperties) = preSolution
		HideSolutionNode = FALSE
	EndGlobalSection
	GlobalSection(ExtensibilityGlobals) = postSolution
		SolutionGuid = {66EA75E0-D38A-409E-A9C2-BF5EDE68C04C}
	EndGlobalSection
EndGlobal
